
Microsoft Visual Studio Solution File, Format Version 12.00
# Visual Studio Version 16
VisualStudioVersion = 16.0.31605.320
MinimumVisualStudioVersion = 10.0.40219.1
Project("{8BC9CEB8-8B4A-11D0-8D11-00A0C91BC942}") = "TuningSim", "TuningSim.vcxproj", "{6B276378-4CBA-4A23-8312-475C3F90CCC3}"
EndProject
Global
	GlobalSection(SolutionConfigurationPlatforms) = preSolution
		Debug|x64 = Debug|x64
		Debug|x86 = Debug|x86
		Release|x64 = Release|x64
		Release|x86 = Release|x86
	EndGlobalSection
	GlobalSection(ProjectConfigurationPlatforms) = postSolution
		{6B276378-4CBA-4A23-8312-475C3F90CCC3}.Debug|x64.ActiveCfg = Debug|x64
		{6B276378-4CBA-4A23-8312-475C3F90CCC3}.Debug|x64.Build.0 = Debug|x64
		{6B276378-4CBA-4A23-8312-475C3F90CCC3}.Debug|x86.ActiveCfg = Debug|x64
		{6B276378-4CBA-4A23-8312-475C3F90CCC3}.Debug|x86.Build.0 = Debug|x64
		{6B276378-4CBA-4A23-8312-475C3F90CCC3}.Release|x64.ActiveCfg = Release|x64
		{6B276378-4CBA-4A23-8312-475C3F90CCC3}.Release|x64.Build.0 = Release|x64
		{6B276378-4CBA-4A23-8312-475C3F90CCC3}.Release|x86.ActiveCfg = Release|Win32
		{6B276378-4CBA-4A23-8312-475C3F90CCC3}.Release|x86.Build.0 = Release|Win32
	EndGlobalSection
	GlobalSection(SolutionProperties) = preSolution
		HideSolutionNode = FALSE
	EndGlobalSection
	GlobalSection(ExtensibilityGlobals) = postSolution
		SolutionGuid = {6F0D7E41-26FE-4C09-990A-AAF6EE8275CF}
	EndGlobalSection
EndGlobal
